
Microsoft Visual Studio Solution File, Format Version 10.00
# Visual C++ Express 2008
Project("{8BC9CEB8-8B4A-11D0-8D11-00A0C91BC942}") = "PepeEngineCore", "src\core\scripts\Core.vcproj", "{67471A72-DAFB-4E59-B93C-21AA64A5CC4E}"
EndProject
Project("{8BC9CEB8-8B4A-11D0-8D11-00A0C91BC942}") = "Renderer_Direct3D9", "src\renderers\direct3d9\scripts\Renderer_Direct3D9.vcproj", "{E1EB5323-7715-404E-8A55-4928280475E9}"
	ProjectSection(ProjectDependencies) = postProject
		{67471A72-DAFB-4E59-B93C-21AA64A5CC4E} = {67471A72-DAFB-4E59-B93C-21AA64A5CC4E}
	EndProjectSection
EndProject
Project("{8BC9CEB8-8B4A-11D0-8D11-00A0C91BC942}") = "OS_Win32", "src\os\win32\scripts\OS_Win32.vcproj", "{C20420A0-EE8F-42D4-8C46-CBF0FF7B4201}"
	ProjectSection(ProjectDependencies) = postProject
		{67471A72-DAFB-4E59-B93C-21AA64A5CC4E} = {67471A72-DAFB-4E59-B93C-21AA64A5CC4E}
	EndProjectSection
EndProject
Project("{8BC9CEB8-8B4A-11D0-8D11-00A0C91BC942}") = "Demo_Ocean", "src\samples\demo_ocean\scripts\Demo_Ocean.vcproj", "{5504DDB1-7380-495B-8724-C1B0AD6B06F7}"
	ProjectSection(ProjectDependencies) = postProject
		{E1EB5323-7715-404E-8A55-4928280475E9} = {E1EB5323-7715-404E-8A55-4928280475E9}
		{67471A72-DAFB-4E59-B93C-21AA64A5CC4E} = {67471A72-DAFB-4E59-B93C-21AA64A5CC4E}
		{C20420A0-EE8F-42D4-8C46-CBF0FF7B4201} = {C20420A0-EE8F-42D4-8C46-CBF0FF7B4201}
		{BB3A0DC2-D306-4BB7-A3D0-635723D77DFC} = {BB3A0DC2-D306-4BB7-A3D0-635723D77DFC}
	EndProjectSection
EndProject
Project("{8BC9CEB8-8B4A-11D0-8D11-00A0C91BC942}") = "DefApplication", "src\samples\defapplication\scripts\DefApplication.vcproj", "{BB3A0DC2-D306-4BB7-A3D0-635723D77DFC}"
	ProjectSection(ProjectDependencies) = postProject
		{E1EB5323-7715-404E-8A55-4928280475E9} = {E1EB5323-7715-404E-8A55-4928280475E9}
		{67471A72-DAFB-4E59-B93C-21AA64A5CC4E} = {67471A72-DAFB-4E59-B93C-21AA64A5CC4E}
		{C20420A0-EE8F-42D4-8C46-CBF0FF7B4201} = {C20420A0-EE8F-42D4-8C46-CBF0FF7B4201}
	EndProjectSection
EndProject
Project("{8BC9CEB8-8B4A-11D0-8D11-00A0C91BC942}") = "Demo_Scene_Manager", "src\samples\demo_scene_manager\scripts\Demo_Scene_Manager.vcproj", "{E52505BA-BB37-4917-A31A-81D71B307FD4}"
	ProjectSection(ProjectDependencies) = postProject
		{E1EB5323-7715-404E-8A55-4928280475E9} = {E1EB5323-7715-404E-8A55-4928280475E9}
		{67471A72-DAFB-4E59-B93C-21AA64A5CC4E} = {67471A72-DAFB-4E59-B93C-21AA64A5CC4E}
		{C20420A0-EE8F-42D4-8C46-CBF0FF7B4201} = {C20420A0-EE8F-42D4-8C46-CBF0FF7B4201}
		{BB3A0DC2-D306-4BB7-A3D0-635723D77DFC} = {BB3A0DC2-D306-4BB7-A3D0-635723D77DFC}
	EndProjectSection
EndProject
Project("{8BC9CEB8-8B4A-11D0-8D11-00A0C91BC942}") = "Demo_Castle", "src\samples\demo_castle\scripts\Demo_Castle.vcproj", "{DFDABA8A-95FB-4D96-A7B9-136EF72777EB}"
	ProjectSection(ProjectDependencies) = postProject
		{E1EB5323-7715-404E-8A55-4928280475E9} = {E1EB5323-7715-404E-8A55-4928280475E9}
		{67471A72-DAFB-4E59-B93C-21AA64A5CC4E} = {67471A72-DAFB-4E59-B93C-21AA64A5CC4E}
		{C20420A0-EE8F-42D4-8C46-CBF0FF7B4201} = {C20420A0-EE8F-42D4-8C46-CBF0FF7B4201}
		{BB3A0DC2-D306-4BB7-A3D0-635723D77DFC} = {BB3A0DC2-D306-4BB7-A3D0-635723D77DFC}
	EndProjectSection
EndProject
Project("{8BC9CEB8-8B4A-11D0-8D11-00A0C91BC942}") = "Demo_Morph", "src\samples\demo_morph\scripts\Demo_Morph.vcproj", "{A6853FB5-2AB8-47D0-BD22-2F14205F60B5}"
	ProjectSection(ProjectDependencies) = postProject
		{E1EB5323-7715-404E-8A55-4928280475E9} = {E1EB5323-7715-404E-8A55-4928280475E9}
		{67471A72-DAFB-4E59-B93C-21AA64A5CC4E} = {67471A72-DAFB-4E59-B93C-21AA64A5CC4E}
		{C20420A0-EE8F-42D4-8C46-CBF0FF7B4201} = {C20420A0-EE8F-42D4-8C46-CBF0FF7B4201}
		{BB3A0DC2-D306-4BB7-A3D0-635723D77DFC} = {BB3A0DC2-D306-4BB7-A3D0-635723D77DFC}
	EndProjectSection
EndProject
Project("{8BC9CEB8-8B4A-11D0-8D11-00A0C91BC942}") = "Demo_Glass", "src\samples\demo_glass\scripts\Demo_Glass.vcproj", "{CAB3F8D7-CDDD-4B9F-963D-678C169884E5}"
	ProjectSection(ProjectDependencies) = postProject
		{E1EB5323-7715-404E-8A55-4928280475E9} = {E1EB5323-7715-404E-8A55-4928280475E9}
		{67471A72-DAFB-4E59-B93C-21AA64A5CC4E} = {67471A72-DAFB-4E59-B93C-21AA64A5CC4E}
		{C20420A0-EE8F-42D4-8C46-CBF0FF7B4201} = {C20420A0-EE8F-42D4-8C46-CBF0FF7B4201}
		{BB3A0DC2-D306-4BB7-A3D0-635723D77DFC} = {BB3A0DC2-D306-4BB7-A3D0-635723D77DFC}
	EndProjectSection
EndProject
Project("{8BC9CEB8-8B4A-11D0-8D11-00A0C91BC942}") = "Demo_Car", "src\samples\demo_car\scripts\Demo_Car.vcproj", "{E5444500-64EA-410E-879E-BE9F8910DB64}"
	ProjectSection(ProjectDependencies) = postProject
		{E1EB5323-7715-404E-8A55-4928280475E9} = {E1EB5323-7715-404E-8A55-4928280475E9}
		{67471A72-DAFB-4E59-B93C-21AA64A5CC4E} = {67471A72-DAFB-4E59-B93C-21AA64A5CC4E}
		{C20420A0-EE8F-42D4-8C46-CBF0FF7B4201} = {C20420A0-EE8F-42D4-8C46-CBF0FF7B4201}
		{BB3A0DC2-D306-4BB7-A3D0-635723D77DFC} = {BB3A0DC2-D306-4BB7-A3D0-635723D77DFC}
	EndProjectSection
EndProject
Global
	GlobalSection(SolutionConfigurationPlatforms) = preSolution
		Debug|Win32 = Debug|Win32
		Release|Win32 = Release|Win32
	EndGlobalSection
	GlobalSection(ProjectConfigurationPlatforms) = postSolution
		{67471A72-DAFB-4E59-B93C-21AA64A5CC4E}.Debug|Win32.ActiveCfg = Debug|Win32
		{67471A72-DAFB-4E59-B93C-21AA64A5CC4E}.Debug|Win32.Build.0 = Debug|Win32
		{67471A72-DAFB-4E59-B93C-21AA64A5CC4E}.Release|Win32.ActiveCfg = Release|Win32
		{67471A72-DAFB-4E59-B93C-21AA64A5CC4E}.Release|Win32.Build.0 = Release|Win32
		{E1EB5323-7715-404E-8A55-4928280475E9}.Debug|Win32.ActiveCfg = Debug|Win32
		{E1EB5323-7715-404E-8A55-4928280475E9}.Debug|Win32.Build.0 = Debug|Win32
		{E1EB5323-7715-404E-8A55-4928280475E9}.Release|Win32.ActiveCfg = Release|Win32
		{E1EB5323-7715-404E-8A55-4928280475E9}.Release|Win32.Build.0 = Release|Win32
		{C20420A0-EE8F-42D4-8C46-CBF0FF7B4201}.Debug|Win32.ActiveCfg = Debug|Win32
		{C20420A0-EE8F-42D4-8C46-CBF0FF7B4201}.Debug|Win32.Build.0 = Debug|Win32
		{C20420A0-EE8F-42D4-8C46-CBF0FF7B4201}.Release|Win32.ActiveCfg = Release|Win32
		{C20420A0-EE8F-42D4-8C46-CBF0FF7B4201}.Release|Win32.Build.0 = Release|Win32
		{5504DDB1-7380-495B-8724-C1B0AD6B06F7}.Debug|Win32.ActiveCfg = Debug|Win32
		{5504DDB1-7380-495B-8724-C1B0AD6B06F7}.Debug|Win32.Build.0 = Debug|Win32
		{5504DDB1-7380-495B-8724-C1B0AD6B06F7}.Release|Win32.ActiveCfg = Release|Win32
		{5504DDB1-7380-495B-8724-C1B0AD6B06F7}.Release|Win32.Build.0 = Release|Win32
		{BB3A0DC2-D306-4BB7-A3D0-635723D77DFC}.Debug|Win32.ActiveCfg = Debug|Win32
		{BB3A0DC2-D306-4BB7-A3D0-635723D77DFC}.Debug|Win32.Build.0 = Debug|Win32
		{BB3A0DC2-D306-4BB7-A3D0-635723D77DFC}.Release|Win32.ActiveCfg = Release|Win32
		{BB3A0DC2-D306-4BB7-A3D0-635723D77DFC}.Release|Win32.Build.0 = Release|Win32
		{E52505BA-BB37-4917-A31A-81D71B307FD4}.Debug|Win32.ActiveCfg = Debug|Win32
		{E52505BA-BB37-4917-A31A-81D71B307FD4}.Debug|Win32.Build.0 = Debug|Win32
		{E52505BA-BB37-4917-A31A-81D71B307FD4}.Release|Win32.ActiveCfg = Release|Win32
		{E52505BA-BB37-4917-A31A-81D71B307FD4}.Release|Win32.Build.0 = Release|Win32
		{DFDABA8A-95FB-4D96-A7B9-136EF72777EB}.Debug|Win32.ActiveCfg = Debug|Win32
		{DFDABA8A-95FB-4D96-A7B9-136EF72777EB}.Debug|Win32.Build.0 = Debug|Win32
		{DFDABA8A-95FB-4D96-A7B9-136EF72777EB}.Release|Win32.ActiveCfg = Release|Win32
		{DFDABA8A-95FB-4D96-A7B9-136EF72777EB}.Release|Win32.Build.0 = Release|Win32
		{A6853FB5-2AB8-47D0-BD22-2F14205F60B5}.Debug|Win32.ActiveCfg = Debug|Win32
		{A6853FB5-2AB8-47D0-BD22-2F14205F60B5}.Debug|Win32.Build.0 = Debug|Win32
		{A6853FB5-2AB8-47D0-BD22-2F14205F60B5}.Release|Win32.ActiveCfg = Release|Win32
		{A6853FB5-2AB8-47D0-BD22-2F14205F60B5}.Release|Win32.Build.0 = Release|Win32
		{CAB3F8D7-CDDD-4B9F-963D-678C169884E5}.Debug|Win32.ActiveCfg = Debug|Win32
		{CAB3F8D7-CDDD-4B9F-963D-678C169884E5}.Debug|Win32.Build.0 = Debug|Win32
		{CAB3F8D7-CDDD-4B9F-963D-678C169884E5}.Release|Win32.ActiveCfg = Release|Win32
		{CAB3F8D7-CDDD-4B9F-963D-678C169884E5}.Release|Win32.Build.0 = Release|Win32
		{E5444500-64EA-410E-879E-BE9F8910DB64}.Debug|Win32.ActiveCfg = Debug|Win32
		{E5444500-64EA-410E-879E-BE9F8910DB64}.Debug|Win32.Build.0 = Debug|Win32
		{E5444500-64EA-410E-879E-BE9F8910DB64}.Release|Win32.ActiveCfg = Release|Win32
		{E5444500-64EA-410E-879E-BE9F8910DB64}.Release|Win32.Build.0 = Release|Win32
	EndGlobalSection
	GlobalSection(SolutionProperties) = preSolution
		HideSolutionNode = FALSE
	EndGlobalSection
EndGlobal
